
Microsoft Visual Studio Solution File, Format Version 12.00
# Visual Studio 2013
VisualStudioVersion = 12.0.30723.0
MinimumVisualStudioVersion = 10.0.40219.1
Project("{FAE04EC0-301F-11D3-BF4B-00C04F79EFBC}") = "MusicPresort", "MusicPresort\MusicPresort.csproj", "{615F27A7-E1F1-430D-ABA3-5F380F80F2D7}"
EndProject
Project("{FAE04EC0-301F-11D3-BF4B-00C04F79EFBC}") = "MusicPresort.Specs", "MusicPresort.Specs\MusicPresort.Specs.csproj", "{0CDF87B3-3DE7-4711-B562-E6AA583367F9}"
EndProject
Project("{2150E333-8FDC-42A3-9474-1A3956D46DE8}") = ".nuget", ".nuget", "{E5D8E40D-ECAE-4327-8473-D6D4B4C702F1}"
	ProjectSection(SolutionItems) = preProject
		.nuget\packages.config = .nuget\packages.config
	EndProjectSection
EndProject
Project("{FAE04EC0-301F-11D3-BF4B-00C04F79EFBC}") = "MusicPresort.UtilTests", "MusicPresort.UtilTests\MusicPresort.UtilTests.csproj", "{8CD1F8BC-4AA0-4F41-BEA6-A69C72B84CA8}"
EndProject
Global
	GlobalSection(SolutionConfigurationPlatforms) = preSolution
		Debug|Any CPU = Debug|Any CPU
		Release|Any CPU = Release|Any CPU
	EndGlobalSection
	GlobalSection(ProjectConfigurationPlatforms) = postSolution
		{615F27A7-E1F1-430D-ABA3-5F380F80F2D7}.Debug|Any CPU.ActiveCfg = Debug|Any CPU
		{615F27A7-E1F1-430D-ABA3-5F380F80F2D7}.Debug|Any CPU.Build.0 = Debug|Any CPU
		{615F27A7-E1F1-430D-ABA3-5F380F80F2D7}.Release|Any CPU.ActiveCfg = Release|Any CPU
		{615F27A7-E1F1-430D-ABA3-5F380F80F2D7}.Release|Any CPU.Build.0 = Release|Any CPU
		{0CDF87B3-3DE7-4711-B562-E6AA583367F9}.Debug|Any CPU.ActiveCfg = Debug|Any CPU
		{0CDF87B3-3DE7-4711-B562-E6AA583367F9}.Debug|Any CPU.Build.0 = Debug|Any CPU
		{0CDF87B3-3DE7-4711-B562-E6AA583367F9}.Release|Any CPU.ActiveCfg = Release|Any CPU
		{0CDF87B3-3DE7-4711-B562-E6AA583367F9}.Release|Any CPU.Build.0 = Release|Any CPU
		{8CD1F8BC-4AA0-4F41-BEA6-A69C72B84CA8}.Debug|Any CPU.ActiveCfg = Debug|Any CPU
		{8CD1F8BC-4AA0-4F41-BEA6-A69C72B84CA8}.Debug|Any CPU.Build.0 = Debug|Any CPU
		{8CD1F8BC-4AA0-4F41-BEA6-A69C72B84CA8}.Release|Any CPU.ActiveCfg = Release|Any CPU
		{8CD1F8BC-4AA0-4F41-BEA6-A69C72B84CA8}.Release|Any CPU.Build.0 = Release|Any CPU
	EndGlobalSection
	GlobalSection(SolutionProperties) = preSolution
		HideSolutionNode = FALSE
	EndGlobalSection
EndGlobal
